
Microsoft Visual Studio Solution File, Format Version 12.00
# Visual Studio 15
VisualStudioVersion = 15.0.28307.329
MinimumVisualStudioVersion = 10.0.40219.1
Project("{FAE04EC0-301F-11D3-BF4B-00C04F79EFBC}") = "HmmNameParser", "HmmNameParser\HmmNameParser.csproj", "{0E873303-8E6F-4C48-A94E-3E35895EB878}"
EndProject
Project("{FAE04EC0-301F-11D3-BF4B-00C04F79EFBC}") = "Common", "Common\Common.csproj", "{473D19C8-CABE-41A1-B210-F096BF1DABDD}"
EndProject
Project("{FAE04EC0-301F-11D3-BF4B-00C04F79EFBC}") = "TrainApp", "TrainApp\TrainApp.csproj", "{0A00F643-26AC-46DE-8937-3AA54A3F7A5A}"
EndProject
Project("{FAE04EC0-301F-11D3-BF4B-00C04F79EFBC}") = "Common.Tests", "Common.Tests\Common.Tests.csproj", "{B64820D4-0305-4ABA-B12B-FC458EE8DDD6}"
EndProject
Project("{FAE04EC0-301F-11D3-BF4B-00C04F79EFBC}") = "HmmNameParser.Tests", "HmmNameParser.Tests\HmmNameParser.Tests.csproj", "{DC7887F4-4F07-4DA5-8A4D-6E87E45F16D9}"
EndProject
Global
	GlobalSection(SolutionConfigurationPlatforms) = preSolution
		Debug|Any CPU = Debug|Any CPU
		Release|Any CPU = Release|Any CPU
	EndGlobalSection
	GlobalSection(ProjectConfigurationPlatforms) = postSolution
		{0E873303-8E6F-4C48-A94E-3E35895EB878}.Debug|Any CPU.ActiveCfg = Debug|Any CPU
		{0E873303-8E6F-4C48-A94E-3E35895EB878}.Debug|Any CPU.Build.0 = Debug|Any CPU
		{0E873303-8E6F-4C48-A94E-3E35895EB878}.Release|Any CPU.ActiveCfg = Release|Any CPU
		{0E873303-8E6F-4C48-A94E-3E35895EB878}.Release|Any CPU.Build.0 = Release|Any CPU
		{473D19C8-CABE-41A1-B210-F096BF1DABDD}.Debug|Any CPU.ActiveCfg = Debug|Any CPU
		{473D19C8-CABE-41A1-B210-F096BF1DABDD}.Debug|Any CPU.Build.0 = Debug|Any CPU
		{473D19C8-CABE-41A1-B210-F096BF1DABDD}.Release|Any CPU.ActiveCfg = Release|Any CPU
		{473D19C8-CABE-41A1-B210-F096BF1DABDD}.Release|Any CPU.Build.0 = Release|Any CPU
		{0A00F643-26AC-46DE-8937-3AA54A3F7A5A}.Debug|Any CPU.ActiveCfg = Debug|Any CPU
		{0A00F643-26AC-46DE-8937-3AA54A3F7A5A}.Debug|Any CPU.Build.0 = Debug|Any CPU
		{0A00F643-26AC-46DE-8937-3AA54A3F7A5A}.Release|Any CPU.ActiveCfg = Release|Any CPU
		{0A00F643-26AC-46DE-8937-3AA54A3F7A5A}.Release|Any CPU.Build.0 = Release|Any CPU
		{B64820D4-0305-4ABA-B12B-FC458EE8DDD6}.Debug|Any CPU.ActiveCfg = Debug|Any CPU
		{B64820D4-0305-4ABA-B12B-FC458EE8DDD6}.Debug|Any CPU.Build.0 = Debug|Any CPU
		{B64820D4-0305-4ABA-B12B-FC458EE8DDD6}.Release|Any CPU.ActiveCfg = Release|Any CPU
		{B64820D4-0305-4ABA-B12B-FC458EE8DDD6}.Release|Any CPU.Build.0 = Release|Any CPU
		{DC7887F4-4F07-4DA5-8A4D-6E87E45F16D9}.Debug|Any CPU.ActiveCfg = Debug|Any CPU
		{DC7887F4-4F07-4DA5-8A4D-6E87E45F16D9}.Debug|Any CPU.Build.0 = Debug|Any CPU
		{DC7887F4-4F07-4DA5-8A4D-6E87E45F16D9}.Release|Any CPU.ActiveCfg = Release|Any CPU
		{DC7887F4-4F07-4DA5-8A4D-6E87E45F16D9}.Release|Any CPU.Build.0 = Release|Any CPU
	EndGlobalSection
	GlobalSection(SolutionProperties) = preSolution
		HideSolutionNode = FALSE
	EndGlobalSection
	GlobalSection(ExtensibilityGlobals) = postSolution
		SolutionGuid = {F5D153A2-76A7-46E2-BD08-B680E1741A0A}
	EndGlobalSection
EndGlobal
